// !$*UTF8*$!
{
	archiveVersion = 1;
	classes = {
	};
	objectVersion = 46;
	objects = {

/* Begin PBXBuildFile section */
		F8F10D7C19C1038E00571D01 /* main.m in Sources */ = {isa = PBXBuildFile; fileRef = F8F10D7B19C1038E00571D01 /* main.m */; };
		F8F10D7F19C1038E00571D01 /* AppDelegate.m in Sources */ = {isa = PBXBuildFile; fileRef = F8F10D7E19C1038E00571D01 /* AppDelegate.m */; };
		F8F10D8219C1038F00571D01 /* ViewController.m in Sources */ = {isa = PBXBuildFile; fileRef = F8F10D8119C1038F00571D01 /* ViewController.m */; };
		F8F10D8519C1038F00571D01 /* Main.storyboard in Resources */ = {isa = PBXBuildFile; fileRef = F8F10D8319C1038F00571D01 /* Main.storyboard */; };
		F8F10D8719C1038F00571D01 /* Images.xcassets in Resources */ = {isa = PBXBuildFile; fileRef = F8F10D8619C1038F00571D01 /* Images.xcassets */; };
		F8F10D8A19C1038F00571D01 /* LaunchScreen.xib in Resources */ = {isa = PBXBuildFile; fileRef = F8F10D8819C1038F00571D01 /* LaunchScreen.xib */; };
		F8F10D9619C1038F00571D01 /* JSONTests.m in Sources */ = {isa = PBXBuildFile; fileRef = F8F10D9519C1038F00571D01 /* JSONTests.m */; };
		F8F10DA119C10EDF00571D01 /* Usuario.m in Sources */ = {isa = PBXBuildFile; fileRef = F8F10DA019C10EDF00571D01 /* Usuario.m */; };
/* End PBXBuildFile section */

/* Begin PBXContainerItemProxy section */
		F8F10D9019C1038F00571D01 /* PBXContainerItemProxy */ = {
			isa = PBXContainerItemProxy;
			containerPortal = F8F10D6E19C1038E00571D01 /* Project object */;
			proxyType = 1;
			remoteGlobalIDString = F8F10D7519C1038E00571D01;
			remoteInfo = JSON;
		};
/* End PBXContainerItemProxy section */

/* Begin PBXFileReference section */
		F8F10D7619C1038E00571D01 /* JSON.app */ = {isa = PBXFileReference; explicitFileType = wrapper.application; includeInIndex = 0; path = JSON.app; sourceTree = BUILT_PRODUCTS_DIR; };
		F8F10D7A19C1038E00571D01 /* Info.plist */ = {isa = PBXFileReference; lastKnownFileType = text.plist.xml; path = Info.plist; sourceTree = "<group>"; };
		F8F10D7B19C1038E00571D01 /* main.m */ = {isa = PBXFileReference; lastKnownFileType = sourcecode.c.objc; path = main.m; sourceTree = "<group>"; };
		F8F10D7D19C1038E00571D01 /* AppDelegate.h */ = {isa = PBXFileReference; lastKnownFileType = sourcecode.c.h; path = AppDelegate.h; sourceTree = "<group>"; };
		F8F10D7E19C1038E00571D01 /* AppDelegate.m */ = {isa = PBXFileReference; lastKnownFileType = sourcecode.c.objc; path = AppDelegate.m; sourceTree = "<group>"; };
		F8F10D8019C1038E00571D01 /* ViewController.h */ = {isa = PBXFileReference; lastKnownFileType = sourcecode.c.h; path = ViewController.h; sourceTree = "<group>"; };
		F8F10D8119C1038F00571D01 /* ViewController.m */ = {isa = PBXFileReference; lastKnownFileType = sourcecode.c.objc; path = ViewController.m; sourceTree = "<group>"; };
		F8F10D8419C1038F00571D01 /* Base */ = {isa = PBXFileReference; lastKnownFileType = file.storyboard; name = Base; path = Base.lproj/Main.storyboard; sourceTree = "<group>"; };
		F8F10D8619C1038F00571D01 /* Images.xcassets */ = {isa = PBXFileReference; lastKnownFileType = folder.assetcatalog; path = Images.xcassets; sourceTree = "<group>"; };
		F8F10D8919C1038F00571D01 /* Base */ = {isa = PBXFileReference; lastKnownFileType = file.xib; name = Base; path = Base.lproj/LaunchScreen.xib; sourceTree = "<group>"; };
		F8F10D8F19C1038F00571D01 /* JSONTests.xctest */ = {isa = PBXFileReference; explicitFileType = wrapper.cfbundle; includeInIndex = 0; path = JSONTests.xctest; sourceTree = BUILT_PRODUCTS_DIR; };
		F8F10D9419C1038F00571D01 /* Info.plist */ = {isa = PBXFileReference; lastKnownFileType = text.plist.xml; path = Info.plist; sourceTree = "<group>"; };
		F8F10D9519C1038F00571D01 /* JSONTests.m */ = {isa = PBXFileReference; lastKnownFileType = sourcecode.c.objc; path = JSONTests.m; sourceTree = "<group>"; };
		F8F10D9F19C10EDF00571D01 /* Usuario.h */ = {isa = PBXFileReference; fileEncoding = 4; lastKnownFileType = sourcecode.c.h; path = Usuario.h; sourceTree = "<group>"; };
		F8F10DA019C10EDF00571D01 /* Usuario.m */ = {isa = PBXFileReference; fileEncoding = 4; lastKnownFileType = sourcecode.c.objc; path = Usuario.m; sourceTree = "<group>"; };
/* End PBXFileReference section */

/* Begin PBXFrameworksBuildPhase section */
		F8F10D7319C1038E00571D01 /* Frameworks */ = {
			isa = PBXFrameworksBuildPhase;
			buildActionMask = 2147483647;
			files = (
			);
			runOnlyForDeploymentPostprocessing = 0;
		};
		F8F10D8C19C1038F00571D01 /* Frameworks */ = {
			isa = PBXFrameworksBuildPhase;
			buildActionMask = 2147483647;
			files = (
			);
			runOnlyForDeploymentPostprocessing = 0;
		};
/* End PBXFrameworksBuildPhase section */

/* Begin PBXGroup section */
		F8F10D6D19C1038E00571D01 = {
			isa = PBXGroup;
			children = (
				F8F10D9F19C10EDF00571D01 /* Usuario.h */,
				F8F10DA019C10EDF00571D01 /* Usuario.m */,
				F8F10D7819C1038E00571D01 /* JSON */,
				F8F10D9219C1038F00571D01 /* JSONTests */,
				F8F10D7719C1038E00571D01 /* Products */,
			);
			sourceTree = "<group>";
		};
		F8F10D7719C1038E00571D01 /* Products */ = {
			isa = PBXGroup;
			children = (
				F8F10D7619C1038E00571D01 /* JSON.app */,
				F8F10D8F19C1038F00571D01 /* JSONTests.xctest */,
			);
			name = Products;
			sourceTree = "<group>";
		};
		F8F10D7819C1038E00571D01 /* JSON */ = {
			isa = PBXGroup;
			children = (
				F8F10D7D19C1038E00571D01 /* AppDelegate.h */,
				F8F10D7E19C1038E00571D01 /* AppDelegate.m */,
				F8F10D8019C1038E00571D01 /* ViewController.h */,
				F8F10D8119C1038F00571D01 /* ViewController.m */,
				F8F10D8319C1038F00571D01 /* Main.storyboard */,
				F8F10D8619C1038F00571D01 /* Images.xcassets */,
				F8F10D8819C1038F00571D01 /* LaunchScreen.xib */,
				F8F10D7919C1038E00571D01 /* Supporting Files */,
			);
			path = JSON;
			sourceTree = "<group>";
		};
		F8F10D7919C1038E00571D01 /* Supporting Files */ = {
			isa = PBXGroup;
			children = (
				F8F10D7A19C1038E00571D01 /* Info.plist */,
				F8F10D7B19C1038E00571D01 /* main.m */,
			);
			name = "Supporting Files";
			sourceTree = "<group>";
		};
		F8F10D9219C1038F00571D01 /* JSONTests */ = {
			isa = PBXGroup;
			children = (
				F8F10D9519C1038F00571D01 /* JSONTests.m */,
				F8F10D9319C1038F00571D01 /* Supporting Files */,
			);
			path = JSONTests;
			sourceTree = "<group>";
		};
		F8F10D9319C1038F00571D01 /* Supporting Files */ = {
			isa = PBXGroup;
			children = (
				F8F10D9419C1038F00571D01 /* Info.plist */,
			);
			name = "Supporting Files";
			sourceTree = "<group>";
		};
/* End PBXGroup section */

/* Begin PBXNativeTarget section */
		F8F10D7519C1038E00571D01 /* JSON */ = {
			isa = PBXNativeTarget;
			buildConfigurationList = F8F10D9919C1038F00571D01 /* Build configuration list for PBXNativeTarget "JSON" */;
			buildPhases = (
				F8F10D7219C1038E00571D01 /* Sources */,
				F8F10D7319C1038E00571D01 /* Frameworks */,
				F8F10D7419C1038E00571D01 /* Resources */,
			);
			buildRules = (
			);
			dependencies = (
			);
			name = JSON;
			productName = JSON;
			productReference = F8F10D7619C1038E00571D01 /* JSON.app */;
			productType = "com.apple.product-type.application";
		};
		F8F10D8E19C1038F00571D01 /* JSONTests */ = {
			isa = PBXNativeTarget;
			buildConfigurationList = F8F10D9C19C1038F00571D01 /* Build configuration list for PBXNativeTarget "JSONTests" */;
			buildPhases = (
				F8F10D8B19C1038F00571D01 /* Sources */,
				F8F10D8C19C1038F00571D01 /* Frameworks */,
				F8F10D8D19C1038F00571D01 /* Resources */,
			);
			buildRules = (
			);
			dependencies = (
				F8F10D9119C1038F00571D01 /* PBXTargetDependency */,
			);
			name = JSONTests;
			productName = JSONTests;
			productReference = F8F10D8F19C1038F00571D01 /* JSONTests.xctest */;
			productType = "com.apple.product-type.bundle.unit-test";
		};
/* End PBXNativeTarget section */

/* Begin PBXProject section */
		F8F10D6E19C1038E00571D01 /* Project object */ = {
			isa = PBXProject;
			attributes = {
				LastUpgradeCheck = 0600;
				ORGANIZATIONNAME = Profesor;
				TargetAttributes = {
					F8F10D7519C1038E00571D01 = {
						CreatedOnToolsVersion = 6.0;
					};
					F8F10D8E19C1038F00571D01 = {
						CreatedOnToolsVersion = 6.0;
						TestTargetID = F8F10D7519C1038E00571D01;
					};
				};
			};
			buildConfigurationList = F8F10D7119C1038E00571D01 /* Build configuration list for PBXProject "JSON" */;
			compatibilityVersion = "Xcode 3.2";
			developmentRegion = English;
			hasScannedForEncodings = 0;
			knownRegions = (
				en,
				Base,
			);
			mainGroup = F8F10D6D19C1038E00571D01;
			productRefGroup = F8F10D7719C1038E00571D01 /* Products */;
			projectDirPath = "";
			projectRoot = "";
			targets = (
				F8F10D7519C1038E00571D01 /* JSON */,
				F8F10D8E19C1038F00571D01 /* JSONTests */,
			);
		};
/* End PBXProject section */

/* Begin PBXResourcesBuildPhase section */
		F8F10D7419C1038E00571D01 /* Resources */ = {
			isa = PBXResourcesBuildPhase;
			buildActionMask = 2147483647;
			files = (
				F8F10D8519C1038F00571D01 /* Main.storyboard in Resources */,
				F8F10D8A19C1038F00571D01 /* LaunchScreen.xib in Resources */,
				F8F10D8719C1038F00571D01 /* Images.xcassets in Resources */,
			);
			runOnlyForDeploymentPostprocessing = 0;
		};
		F8F10D8D19C1038F00571D01 /* Resources */ = {
			isa = PBXResourcesBuildPhase;
			buildActionMask = 2147483647;
			files = (
			);
			runOnlyForDeploymentPostprocessing = 0;
		};
/* End PBXResourcesBuildPhase section */

/* Begin PBXSourcesBuildPhase section */
		F8F10D7219C1038E00571D01 /* Sources */ = {
			isa = PBXSourcesBuildPhase;
			buildActionMask = 2147483647;
			files = (
				F8F10DA119C10EDF00571D01 /* Usuario.m in Sources */,
				F8F10D8219C1038F00571D01 /* ViewController.m in Sources */,
				F8F10D7F19C1038E00571D01 /* AppDelegate.m in Sources */,
				F8F10D7C19C1038E00571D01 /* main.m in Sources */,
			);
			runOnlyForDeploymentPostprocessing = 0;
		};
		F8F10D8B19C1038F00571D01 /* Sources */ = {
			isa = PBXSourcesBuildPhase;
			buildActionMask = 2147483647;
			files = (
				F8F10D9619C1038F00571D01 /* JSONTests.m in Sources */,
			);
			runOnlyForDeploymentPostprocessing = 0;
		};
/* End PBXSourcesBuildPhase section */

/* Begin PBXTargetDependency section */
		F8F10D9119C1038F00571D01 /* PBXTargetDependency */ = {
			isa = PBXTargetDependency;
			target = F8F10D7519C1038E00571D01 /* JSON */;
			targetProxy = F8F10D9019C1038F00571D01 /* PBXContainerItemProxy */;
		};
/* End PBXTargetDependency section */

/* Begin PBXVariantGroup section */
		F8F10D8319C1038F00571D01 /* Main.storyboard */ = {
			isa = PBXVariantGroup;
			children = (
				F8F10D8419C1038F00571D01 /* Base */,
			);
			name = Main.storyboard;
			sourceTree = "<group>";
		};
		F8F10D8819C1038F00571D01 /* LaunchScreen.xib */ = {
			isa = PBXVariantGroup;
			children = (
				F8F10D8919C1038F00571D01 /* Base */,
			);
			name = LaunchScreen.xib;
			sourceTree = "<group>";
		};
/* End PBXVariantGroup section */

/* Begin XCBuildConfiguration section */
		F8F10D9719C1038F00571D01 /* Debug */ = {
			isa = XCBuildConfiguration;
			buildSettings = {
				ALWAYS_SEARCH_USER_PATHS = NO;
				CLANG_CXX_LANGUAGE_STANDARD = "gnu++0x";
				CLANG_CXX_LIBRARY = "libc++";
				CLANG_ENABLE_MODULES = YES;
				CLANG_ENABLE_OBJC_ARC = YES;
				CLANG_WARN_BOOL_CONVERSION = YES;
				CLANG_WARN_CONSTANT_CONVERSION = YES;
				CLANG_WARN_DIRECT_OBJC_ISA_USAGE = YES_ERROR;
				CLANG_WARN_EMPTY_BODY = YES;
				CLANG_WARN_ENUM_CONVERSION = YES;
				CLANG_WARN_INT_CONVERSION = YES;
				CLANG_WARN_OBJC_ROOT_CLASS = YES_ERROR;
				CLANG_WARN_UNREACHABLE_CODE = YES;
				CLANG_WARN__DUPLICATE_METHOD_MATCH = YES;
				"CODE_SIGN_IDENTITY[sdk=iphoneos*]" = "iPhone Developer";
				COPY_PHASE_STRIP = NO;
				ENABLE_STRICT_OBJC_MSGSEND = YES;
				GCC_C_LANGUAGE_STANDARD = gnu99;
				GCC_DYNAMIC_NO_PIC = NO;
				GCC_OPTIMIZATION_LEVEL = 0;
				GCC_PREPROCESSOR_DEFINITIONS = (
					"DEBUG=1",
					"$(inherited)",
				);
				GCC_SYMBOLS_PRIVATE_EXTERN = NO;
				GCC_WARN_64_TO_32_BIT_CONVERSION = YES;
				GCC_WARN_ABOUT_RETURN_TYPE = YES_ERROR;
				GCC_WARN_UNDECLARED_SELECTOR = YES;
				GCC_WARN_UNINITIALIZED_AUTOS = YES_AGGRESSIVE;
				GCC_WARN_UNUSED_FUNCTION = YES;
				GCC_WARN_UNUSED_VARIABLE = YES;
				IPHONEOS_DEPLOYMENT_TARGET = 8.0;
				MTL_ENABLE_DEBUG_INFO = YES;
				ONLY_ACTIVE_ARCH = YES;
				SDKROOT = iphoneos;
			};
			name = Debug;
		};
		F8F10D9819C1038F00571D01 /* Release */ = {
			isa = XCBuildConfiguration;
			buildSettings = {
				ALWAYS_SEARCH_USER_PATHS = NO;
				CLANG_CXX_LANGUAGE_STANDARD = "gnu++0x";
				CLANG_CXX_LIBRARY = "libc++";
				CLANG_ENABLE_MODULES = YES;
				CLANG_ENABLE_OBJC_ARC = YES;
				CLANG_WARN_BOOL_CONVERSION = YES;
				CLANG_WARN_CONSTANT_CONVERSION = YES;
				CLANG_WARN_DIRECT_OBJC_ISA_USAGE = YES_ERROR;
				CLANG_WARN_EMPTY_BODY = YES;
				CLANG_WARN_ENUM_CONVERSION = YES;
				CLANG_WARN_INT_CONVERSION = YES;
				CLANG_WARN_OBJC_ROOT_CLASS = YES_ERROR;
				CLANG_WARN_UNREACHABLE_CODE = YES;
				CLANG_WARN__DUPLICATE_METHOD_MATCH = YES;
				"CODE_SIGN_IDENTITY[sdk=iphoneos*]" = "iPhone Developer";
				COPY_PHASE_STRIP = YES;
				ENABLE_NS_ASSERTIONS = NO;
				ENABLE_STRICT_OBJC_MSGSEND = YES;
				GCC_C_LANGUAGE_STANDARD = gnu99;
				GCC_WARN_64_TO_32_BIT_CONVERSION = YES;
				GCC_WARN_ABOUT_RETURN_TYPE = YES_ERROR;
				GCC_WARN_UNDECLARED_SELECTOR = YES;
				GCC_WARN_UNINITIALIZED_AUTOS = YES_AGGRESSIVE;
				GCC_WARN_UNUSED_FUNCTION = YES;
				GCC_WARN_UNUSED_VARIABLE = YES;
				IPHONEOS_DEPLOYMENT_TARGET = 8.0;
				MTL_ENABLE_DEBUG_INFO = NO;
				SDKROOT = iphoneos;
				VALIDATE_PRODUCT = YES;
			};
			name = Release;
		};
		F8F10D9A19C1038F00571D01 /* Debug */ = {
			isa = XCBuildConfiguration;
			buildSettings = {
				ASSETCATALOG_COMPILER_APPICON_NAME = AppIcon;
				INFOPLIST_FILE = JSON/Info.plist;
				IPHONEOS_DEPLOYMENT_TARGET = 7.1;
				LD_RUNPATH_SEARCH_PATHS = "$(inherited) @executable_path/Frameworks";
				PRODUCT_NAME = "$(TARGET_NAME)";
			};
			name = Debug;
		};
		F8F10D9B19C1038F00571D01 /* Release */ = {
			isa = XCBuildConfiguration;
			buildSettings = {
				ASSETCATALOG_COMPILER_APPICON_NAME = AppIcon;
				INFOPLIST_FILE = JSON/Info.plist;
				IPHONEOS_DEPLOYMENT_TARGET = 7.1;
				LD_RUNPATH_SEARCH_PATHS = "$(inherited) @executable_path/Frameworks";
				PRODUCT_NAME = "$(TARGET_NAME)";
			};
			name = Release;
		};
		F8F10D9D19C1038F00571D01 /* Debug */ = {
			isa = XCBuildConfiguration;
			buildSettings = {
				BUNDLE_LOADER = "$(TEST_HOST)";
				FRAMEWORK_SEARCH_PATHS = (
					"$(SDKROOT)/Developer/Library/Frameworks",
					"$(inherited)",
				);
				GCC_PREPROCESSOR_DEFINITIONS = (
					"DEBUG=1",
					"$(inherited)",
				);
				INFOPLIST_FILE = JSONTests/Info.plist;
				LD_RUNPATH_SEARCH_PATHS = "$(inherited) @executable_path/Frameworks @loader_path/Frameworks";
				PRODUCT_NAME = "$(TARGET_NAME)";
				TEST_HOST = "$(BUILT_PRODUCTS_DIR)/JSON.app/JSON";
			};
			name = Debug;
		};
		F8F10D9E19C1038F00571D01 /* Release */ = {
			isa = XCBuildConfiguration;
			buildSettings = {
				BUNDLE_LOADER = "$(TEST_HOST)";
				FRAMEWORK_SEARCH_PATHS = (
					"$(SDKROOT)/Developer/Library/Frameworks",
					"$(inherited)",
				);
				INFOPLIST_FILE = JSONTests/Info.plist;
				LD_RUNPATH_SEARCH_PATHS = "$(inherited) @executable_path/Frameworks @loader_path/Frameworks";
				PRODUCT_NAME = "$(TARGET_NAME)";
				TEST_HOST = "$(BUILT_PRODUCTS_DIR)/JSON.app/JSON";
			};
			name = Release;
		};
/* End XCBuildConfiguration section */

/* Begin XCConfigurationList section */
		F8F10D7119C1038E00571D01 /* Build configuration list for PBXProject "JSON" */ = {
			isa = XCConfigurationList;
			buildConfigurations = (
				F8F10D9719C1038F00571D01 /* Debug */,
				F8F10D9819C1038F00571D01 /* Release */,
			);
			defaultConfigurationIsVisible = 0;
			defaultConfigurationName = Release;
		};
		F8F10D9919C1038F00571D01 /* Build configuration list for PBXNativeTarget "JSON" */ = {
			isa = XCConfigurationList;
			buildConfigurations = (
				F8F10D9A19C1038F00571D01 /* Debug */,
				F8F10D9B19C1038F00571D01 /* Release */,
			);
			defaultConfigurationIsVisible = 0;
		};
		F8F10D9C19C1038F00571D01 /* Build configuration list for PBXNativeTarget "JSONTests" */ = {
			isa = XCConfigurationList;
			buildConfigurations = (
				F8F10D9D19C1038F00571D01 /* Debug */,
				F8F10D9E19C1038F00571D01 /* Release */,
			);
			defaultConfigurationIsVisible = 0;
		};
/* End XCConfigurationList section */
	};
	rootObject = F8F10D6E19C1038E00571D01 /* Project object */;
}
