// !$*UTF8*$!
{
	archiveVersion = 1;
	classes = {
	};
	objectVersion = 46;
	objects = {

/* Begin PBXBuildFile section */
		F85EA92219B13E3C009A1A4D /* Foundation.framework in Frameworks */ = {isa = PBXBuildFile; fileRef = F85EA92119B13E3C009A1A4D /* Foundation.framework */; };
		F85EA92419B13E3C009A1A4D /* CoreGraphics.framework in Frameworks */ = {isa = PBXBuildFile; fileRef = F85EA92319B13E3C009A1A4D /* CoreGraphics.framework */; };
		F85EA92619B13E3C009A1A4D /* UIKit.framework in Frameworks */ = {isa = PBXBuildFile; fileRef = F85EA92519B13E3C009A1A4D /* UIKit.framework */; };
		F85EA92C19B13E3C009A1A4D /* InfoPlist.strings in Resources */ = {isa = PBXBuildFile; fileRef = F85EA92A19B13E3C009A1A4D /* InfoPlist.strings */; };
		F85EA92E19B13E3C009A1A4D /* main.m in Sources */ = {isa = PBXBuildFile; fileRef = F85EA92D19B13E3C009A1A4D /* main.m */; };
		F85EA93219B13E3C009A1A4D /* AppDelegate.m in Sources */ = {isa = PBXBuildFile; fileRef = F85EA93119B13E3C009A1A4D /* AppDelegate.m */; };
		F85EA93519B13E3C009A1A4D /* Main.storyboard in Resources */ = {isa = PBXBuildFile; fileRef = F85EA93319B13E3C009A1A4D /* Main.storyboard */; };
		F85EA93819B13E3C009A1A4D /* ViewController.m in Sources */ = {isa = PBXBuildFile; fileRef = F85EA93719B13E3C009A1A4D /* ViewController.m */; };
		F85EA93A19B13E3C009A1A4D /* Images.xcassets in Resources */ = {isa = PBXBuildFile; fileRef = F85EA93919B13E3C009A1A4D /* Images.xcassets */; };
		F85EA94119B13E3D009A1A4D /* XCTest.framework in Frameworks */ = {isa = PBXBuildFile; fileRef = F85EA94019B13E3D009A1A4D /* XCTest.framework */; };
		F85EA94219B13E3D009A1A4D /* Foundation.framework in Frameworks */ = {isa = PBXBuildFile; fileRef = F85EA92119B13E3C009A1A4D /* Foundation.framework */; };
		F85EA94319B13E3D009A1A4D /* UIKit.framework in Frameworks */ = {isa = PBXBuildFile; fileRef = F85EA92519B13E3C009A1A4D /* UIKit.framework */; };
		F85EA94B19B13E3D009A1A4D /* InfoPlist.strings in Resources */ = {isa = PBXBuildFile; fileRef = F85EA94919B13E3D009A1A4D /* InfoPlist.strings */; };
		F85EA94D19B13E3D009A1A4D /* myPaintTests.m in Sources */ = {isa = PBXBuildFile; fileRef = F85EA94C19B13E3D009A1A4D /* myPaintTests.m */; };
		F85EA95919B140B8009A1A4D /* UIColor+Random.m in Sources */ = {isa = PBXBuildFile; fileRef = F85EA95819B140B8009A1A4D /* UIColor+Random.m */; };
		F85EA95C19B14269009A1A4D /* Paint.m in Sources */ = {isa = PBXBuildFile; fileRef = F85EA95B19B14269009A1A4D /* Paint.m */; };
		F85EA95E19B15813009A1A4D /* apple.png in Resources */ = {isa = PBXBuildFile; fileRef = F85EA95D19B15813009A1A4D /* apple.png */; };
/* End PBXBuildFile section */

/* Begin PBXContainerItemProxy section */
		F85EA94419B13E3D009A1A4D /* PBXContainerItemProxy */ = {
			isa = PBXContainerItemProxy;
			containerPortal = F85EA91619B13E3C009A1A4D /* Project object */;
			proxyType = 1;
			remoteGlobalIDString = F85EA91D19B13E3C009A1A4D;
			remoteInfo = myPaint;
		};
/* End PBXContainerItemProxy section */

/* Begin PBXFileReference section */
		F85EA91E19B13E3C009A1A4D /* myPaint.app */ = {isa = PBXFileReference; explicitFileType = wrapper.application; includeInIndex = 0; path = myPaint.app; sourceTree = BUILT_PRODUCTS_DIR; };
		F85EA92119B13E3C009A1A4D /* Foundation.framework */ = {isa = PBXFileReference; lastKnownFileType = wrapper.framework; name = Foundation.framework; path = System/Library/Frameworks/Foundation.framework; sourceTree = SDKROOT; };
		F85EA92319B13E3C009A1A4D /* CoreGraphics.framework */ = {isa = PBXFileReference; lastKnownFileType = wrapper.framework; name = CoreGraphics.framework; path = System/Library/Frameworks/CoreGraphics.framework; sourceTree = SDKROOT; };
		F85EA92519B13E3C009A1A4D /* UIKit.framework */ = {isa = PBXFileReference; lastKnownFileType = wrapper.framework; name = UIKit.framework; path = System/Library/Frameworks/UIKit.framework; sourceTree = SDKROOT; };
		F85EA92919B13E3C009A1A4D /* myPaint-Info.plist */ = {isa = PBXFileReference; lastKnownFileType = text.plist.xml; path = "myPaint-Info.plist"; sourceTree = "<group>"; };
		F85EA92B19B13E3C009A1A4D /* en */ = {isa = PBXFileReference; lastKnownFileType = text.plist.strings; name = en; path = en.lproj/InfoPlist.strings; sourceTree = "<group>"; };
		F85EA92D19B13E3C009A1A4D /* main.m */ = {isa = PBXFileReference; lastKnownFileType = sourcecode.c.objc; path = main.m; sourceTree = "<group>"; };
		F85EA92F19B13E3C009A1A4D /* myPaint-Prefix.pch */ = {isa = PBXFileReference; lastKnownFileType = sourcecode.c.h; path = "myPaint-Prefix.pch"; sourceTree = "<group>"; };
		F85EA93019B13E3C009A1A4D /* AppDelegate.h */ = {isa = PBXFileReference; lastKnownFileType = sourcecode.c.h; path = AppDelegate.h; sourceTree = "<group>"; };
		F85EA93119B13E3C009A1A4D /* AppDelegate.m */ = {isa = PBXFileReference; lastKnownFileType = sourcecode.c.objc; path = AppDelegate.m; sourceTree = "<group>"; };
		F85EA93419B13E3C009A1A4D /* Base */ = {isa = PBXFileReference; lastKnownFileType = file.storyboard; name = Base; path = Base.lproj/Main.storyboard; sourceTree = "<group>"; };
		F85EA93619B13E3C009A1A4D /* ViewController.h */ = {isa = PBXFileReference; lastKnownFileType = sourcecode.c.h; path = ViewController.h; sourceTree = "<group>"; };
		F85EA93719B13E3C009A1A4D /* ViewController.m */ = {isa = PBXFileReference; lastKnownFileType = sourcecode.c.objc; path = ViewController.m; sourceTree = "<group>"; };
		F85EA93919B13E3C009A1A4D /* Images.xcassets */ = {isa = PBXFileReference; lastKnownFileType = folder.assetcatalog; path = Images.xcassets; sourceTree = "<group>"; };
		F85EA93F19B13E3D009A1A4D /* myPaintTests.xctest */ = {isa = PBXFileReference; explicitFileType = wrapper.cfbundle; includeInIndex = 0; path = myPaintTests.xctest; sourceTree = BUILT_PRODUCTS_DIR; };
		F85EA94019B13E3D009A1A4D /* XCTest.framework */ = {isa = PBXFileReference; lastKnownFileType = wrapper.framework; name = XCTest.framework; path = Library/Frameworks/XCTest.framework; sourceTree = DEVELOPER_DIR; };
		F85EA94819B13E3D009A1A4D /* myPaintTests-Info.plist */ = {isa = PBXFileReference; lastKnownFileType = text.plist.xml; path = "myPaintTests-Info.plist"; sourceTree = "<group>"; };
		F85EA94A19B13E3D009A1A4D /* en */ = {isa = PBXFileReference; lastKnownFileType = text.plist.strings; name = en; path = en.lproj/InfoPlist.strings; sourceTree = "<group>"; };
		F85EA94C19B13E3D009A1A4D /* myPaintTests.m */ = {isa = PBXFileReference; lastKnownFileType = sourcecode.c.objc; path = myPaintTests.m; sourceTree = "<group>"; };
		F85EA95619B13F7B009A1A4D /* Constants.h */ = {isa = PBXFileReference; lastKnownFileType = sourcecode.c.h; path = Constants.h; sourceTree = "<group>"; };
		F85EA95719B140B8009A1A4D /* UIColor+Random.h */ = {isa = PBXFileReference; fileEncoding = 4; lastKnownFileType = sourcecode.c.h; path = "UIColor+Random.h"; sourceTree = "<group>"; };
		F85EA95819B140B8009A1A4D /* UIColor+Random.m */ = {isa = PBXFileReference; fileEncoding = 4; lastKnownFileType = sourcecode.c.objc; path = "UIColor+Random.m"; sourceTree = "<group>"; };
		F85EA95A19B14269009A1A4D /* Paint.h */ = {isa = PBXFileReference; fileEncoding = 4; lastKnownFileType = sourcecode.c.h; path = Paint.h; sourceTree = "<group>"; };
		F85EA95B19B14269009A1A4D /* Paint.m */ = {isa = PBXFileReference; fileEncoding = 4; lastKnownFileType = sourcecode.c.objc; path = Paint.m; sourceTree = "<group>"; };
		F85EA95D19B15813009A1A4D /* apple.png */ = {isa = PBXFileReference; lastKnownFileType = image.png; path = apple.png; sourceTree = "<group>"; };
/* End PBXFileReference section */

/* Begin PBXFrameworksBuildPhase section */
		F85EA91B19B13E3C009A1A4D /* Frameworks */ = {
			isa = PBXFrameworksBuildPhase;
			buildActionMask = 2147483647;
			files = (
				F85EA92419B13E3C009A1A4D /* CoreGraphics.framework in Frameworks */,
				F85EA92619B13E3C009A1A4D /* UIKit.framework in Frameworks */,
				F85EA92219B13E3C009A1A4D /* Foundation.framework in Frameworks */,
			);
			runOnlyForDeploymentPostprocessing = 0;
		};
		F85EA93C19B13E3D009A1A4D /* Frameworks */ = {
			isa = PBXFrameworksBuildPhase;
			buildActionMask = 2147483647;
			files = (
				F85EA94119B13E3D009A1A4D /* XCTest.framework in Frameworks */,
				F85EA94319B13E3D009A1A4D /* UIKit.framework in Frameworks */,
				F85EA94219B13E3D009A1A4D /* Foundation.framework in Frameworks */,
			);
			runOnlyForDeploymentPostprocessing = 0;
		};
/* End PBXFrameworksBuildPhase section */

/* Begin PBXGroup section */
		F85EA91519B13E3C009A1A4D = {
			isa = PBXGroup;
			children = (
				F85EA95D19B15813009A1A4D /* apple.png */,
				F85EA95A19B14269009A1A4D /* Paint.h */,
				F85EA95B19B14269009A1A4D /* Paint.m */,
				F85EA95719B140B8009A1A4D /* UIColor+Random.h */,
				F85EA95819B140B8009A1A4D /* UIColor+Random.m */,
				F85EA95619B13F7B009A1A4D /* Constants.h */,
				F85EA92719B13E3C009A1A4D /* myPaint */,
				F85EA94619B13E3D009A1A4D /* myPaintTests */,
				F85EA92019B13E3C009A1A4D /* Frameworks */,
				F85EA91F19B13E3C009A1A4D /* Products */,
			);
			sourceTree = "<group>";
		};
		F85EA91F19B13E3C009A1A4D /* Products */ = {
			isa = PBXGroup;
			children = (
				F85EA91E19B13E3C009A1A4D /* myPaint.app */,
				F85EA93F19B13E3D009A1A4D /* myPaintTests.xctest */,
			);
			name = Products;
			sourceTree = "<group>";
		};
		F85EA92019B13E3C009A1A4D /* Frameworks */ = {
			isa = PBXGroup;
			children = (
				F85EA92119B13E3C009A1A4D /* Foundation.framework */,
				F85EA92319B13E3C009A1A4D /* CoreGraphics.framework */,
				F85EA92519B13E3C009A1A4D /* UIKit.framework */,
				F85EA94019B13E3D009A1A4D /* XCTest.framework */,
			);
			name = Frameworks;
			sourceTree = "<group>";
		};
		F85EA92719B13E3C009A1A4D /* myPaint */ = {
			isa = PBXGroup;
			children = (
				F85EA93019B13E3C009A1A4D /* AppDelegate.h */,
				F85EA93119B13E3C009A1A4D /* AppDelegate.m */,
				F85EA93319B13E3C009A1A4D /* Main.storyboard */,
				F85EA93619B13E3C009A1A4D /* ViewController.h */,
				F85EA93719B13E3C009A1A4D /* ViewController.m */,
				F85EA93919B13E3C009A1A4D /* Images.xcassets */,
				F85EA92819B13E3C009A1A4D /* Supporting Files */,
			);
			path = myPaint;
			sourceTree = "<group>";
		};
		F85EA92819B13E3C009A1A4D /* Supporting Files */ = {
			isa = PBXGroup;
			children = (
				F85EA92919B13E3C009A1A4D /* myPaint-Info.plist */,
				F85EA92A19B13E3C009A1A4D /* InfoPlist.strings */,
				F85EA92D19B13E3C009A1A4D /* main.m */,
				F85EA92F19B13E3C009A1A4D /* myPaint-Prefix.pch */,
			);
			name = "Supporting Files";
			sourceTree = "<group>";
		};
		F85EA94619B13E3D009A1A4D /* myPaintTests */ = {
			isa = PBXGroup;
			children = (
				F85EA94C19B13E3D009A1A4D /* myPaintTests.m */,
				F85EA94719B13E3D009A1A4D /* Supporting Files */,
			);
			path = myPaintTests;
			sourceTree = "<group>";
		};
		F85EA94719B13E3D009A1A4D /* Supporting Files */ = {
			isa = PBXGroup;
			children = (
				F85EA94819B13E3D009A1A4D /* myPaintTests-Info.plist */,
				F85EA94919B13E3D009A1A4D /* InfoPlist.strings */,
			);
			name = "Supporting Files";
			sourceTree = "<group>";
		};
/* End PBXGroup section */

/* Begin PBXNativeTarget section */
		F85EA91D19B13E3C009A1A4D /* myPaint */ = {
			isa = PBXNativeTarget;
			buildConfigurationList = F85EA95019B13E3D009A1A4D /* Build configuration list for PBXNativeTarget "myPaint" */;
			buildPhases = (
				F85EA91A19B13E3C009A1A4D /* Sources */,
				F85EA91B19B13E3C009A1A4D /* Frameworks */,
				F85EA91C19B13E3C009A1A4D /* Resources */,
			);
			buildRules = (
			);
			dependencies = (
			);
			name = myPaint;
			productName = myPaint;
			productReference = F85EA91E19B13E3C009A1A4D /* myPaint.app */;
			productType = "com.apple.product-type.application";
		};
		F85EA93E19B13E3D009A1A4D /* myPaintTests */ = {
			isa = PBXNativeTarget;
			buildConfigurationList = F85EA95319B13E3D009A1A4D /* Build configuration list for PBXNativeTarget "myPaintTests" */;
			buildPhases = (
				F85EA93B19B13E3D009A1A4D /* Sources */,
				F85EA93C19B13E3D009A1A4D /* Frameworks */,
				F85EA93D19B13E3D009A1A4D /* Resources */,
			);
			buildRules = (
			);
			dependencies = (
				F85EA94519B13E3D009A1A4D /* PBXTargetDependency */,
			);
			name = myPaintTests;
			productName = myPaintTests;
			productReference = F85EA93F19B13E3D009A1A4D /* myPaintTests.xctest */;
			productType = "com.apple.product-type.bundle.unit-test";
		};
/* End PBXNativeTarget section */

/* Begin PBXProject section */
		F85EA91619B13E3C009A1A4D /* Project object */ = {
			isa = PBXProject;
			attributes = {
				LastUpgradeCheck = 0510;
				ORGANIZATIONNAME = Profesor;
				TargetAttributes = {
					F85EA93E19B13E3D009A1A4D = {
						TestTargetID = F85EA91D19B13E3C009A1A4D;
					};
				};
			};
			buildConfigurationList = F85EA91919B13E3C009A1A4D /* Build configuration list for PBXProject "myPaint" */;
			compatibilityVersion = "Xcode 3.2";
			developmentRegion = English;
			hasScannedForEncodings = 0;
			knownRegions = (
				en,
				Base,
			);
			mainGroup = F85EA91519B13E3C009A1A4D;
			productRefGroup = F85EA91F19B13E3C009A1A4D /* Products */;
			projectDirPath = "";
			projectRoot = "";
			targets = (
				F85EA91D19B13E3C009A1A4D /* myPaint */,
				F85EA93E19B13E3D009A1A4D /* myPaintTests */,
			);
		};
/* End PBXProject section */

/* Begin PBXResourcesBuildPhase section */
		F85EA91C19B13E3C009A1A4D /* Resources */ = {
			isa = PBXResourcesBuildPhase;
			buildActionMask = 2147483647;
			files = (
				F85EA93A19B13E3C009A1A4D /* Images.xcassets in Resources */,
				F85EA92C19B13E3C009A1A4D /* InfoPlist.strings in Resources */,
				F85EA95E19B15813009A1A4D /* apple.png in Resources */,
				F85EA93519B13E3C009A1A4D /* Main.storyboard in Resources */,
			);
			runOnlyForDeploymentPostprocessing = 0;
		};
		F85EA93D19B13E3D009A1A4D /* Resources */ = {
			isa = PBXResourcesBuildPhase;
			buildActionMask = 2147483647;
			files = (
				F85EA94B19B13E3D009A1A4D /* InfoPlist.strings in Resources */,
			);
			runOnlyForDeploymentPostprocessing = 0;
		};
/* End PBXResourcesBuildPhase section */

/* Begin PBXSourcesBuildPhase section */
		F85EA91A19B13E3C009A1A4D /* Sources */ = {
			isa = PBXSourcesBuildPhase;
			buildActionMask = 2147483647;
			files = (
				F85EA95919B140B8009A1A4D /* UIColor+Random.m in Sources */,
				F85EA95C19B14269009A1A4D /* Paint.m in Sources */,
				F85EA93819B13E3C009A1A4D /* ViewController.m in Sources */,
				F85EA93219B13E3C009A1A4D /* AppDelegate.m in Sources */,
				F85EA92E19B13E3C009A1A4D /* main.m in Sources */,
			);
			runOnlyForDeploymentPostprocessing = 0;
		};
		F85EA93B19B13E3D009A1A4D /* Sources */ = {
			isa = PBXSourcesBuildPhase;
			buildActionMask = 2147483647;
			files = (
				F85EA94D19B13E3D009A1A4D /* myPaintTests.m in Sources */,
			);
			runOnlyForDeploymentPostprocessing = 0;
		};
/* End PBXSourcesBuildPhase section */

/* Begin PBXTargetDependency section */
		F85EA94519B13E3D009A1A4D /* PBXTargetDependency */ = {
			isa = PBXTargetDependency;
			target = F85EA91D19B13E3C009A1A4D /* myPaint */;
			targetProxy = F85EA94419B13E3D009A1A4D /* PBXContainerItemProxy */;
		};
/* End PBXTargetDependency section */

/* Begin PBXVariantGroup section */
		F85EA92A19B13E3C009A1A4D /* InfoPlist.strings */ = {
			isa = PBXVariantGroup;
			children = (
				F85EA92B19B13E3C009A1A4D /* en */,
			);
			name = InfoPlist.strings;
			sourceTree = "<group>";
		};
		F85EA93319B13E3C009A1A4D /* Main.storyboard */ = {
			isa = PBXVariantGroup;
			children = (
				F85EA93419B13E3C009A1A4D /* Base */,
			);
			name = Main.storyboard;
			sourceTree = "<group>";
		};
		F85EA94919B13E3D009A1A4D /* InfoPlist.strings */ = {
			isa = PBXVariantGroup;
			children = (
				F85EA94A19B13E3D009A1A4D /* en */,
			);
			name = InfoPlist.strings;
			sourceTree = "<group>";
		};
/* End PBXVariantGroup section */

/* Begin XCBuildConfiguration section */
		F85EA94E19B13E3D009A1A4D /* Debug */ = {
			isa = XCBuildConfiguration;
			buildSettings = {
				ALWAYS_SEARCH_USER_PATHS = NO;
				CLANG_CXX_LANGUAGE_STANDARD = "gnu++0x";
				CLANG_CXX_LIBRARY = "libc++";
				CLANG_ENABLE_MODULES = YES;
				CLANG_ENABLE_OBJC_ARC = YES;
				CLANG_WARN_BOOL_CONVERSION = YES;
				CLANG_WARN_CONSTANT_CONVERSION = YES;
				CLANG_WARN_DIRECT_OBJC_ISA_USAGE = YES_ERROR;
				CLANG_WARN_EMPTY_BODY = YES;
				CLANG_WARN_ENUM_CONVERSION = YES;
				CLANG_WARN_INT_CONVERSION = YES;
				CLANG_WARN_OBJC_ROOT_CLASS = YES_ERROR;
				CLANG_WARN__DUPLICATE_METHOD_MATCH = YES;
				"CODE_SIGN_IDENTITY[sdk=iphoneos*]" = "iPhone Developer";
				COPY_PHASE_STRIP = NO;
				GCC_C_LANGUAGE_STANDARD = gnu99;
				GCC_DYNAMIC_NO_PIC = NO;
				GCC_OPTIMIZATION_LEVEL = 0;
				GCC_PREPROCESSOR_DEFINITIONS = (
					"DEBUG=1",
					"$(inherited)",
				);
				GCC_SYMBOLS_PRIVATE_EXTERN = NO;
				GCC_WARN_64_TO_32_BIT_CONVERSION = YES;
				GCC_WARN_ABOUT_RETURN_TYPE = YES_ERROR;
				GCC_WARN_UNDECLARED_SELECTOR = YES;
				GCC_WARN_UNINITIALIZED_AUTOS = YES_AGGRESSIVE;
				GCC_WARN_UNUSED_FUNCTION = YES;
				GCC_WARN_UNUSED_VARIABLE = YES;
				IPHONEOS_DEPLOYMENT_TARGET = 7.1;
				ONLY_ACTIVE_ARCH = YES;
				SDKROOT = iphoneos;
			};
			name = Debug;
		};
		F85EA94F19B13E3D009A1A4D /* Release */ = {
			isa = XCBuildConfiguration;
			buildSettings = {
				ALWAYS_SEARCH_USER_PATHS = NO;
				CLANG_CXX_LANGUAGE_STANDARD = "gnu++0x";
				CLANG_CXX_LIBRARY = "libc++";
				CLANG_ENABLE_MODULES = YES;
				CLANG_ENABLE_OBJC_ARC = YES;
				CLANG_WARN_BOOL_CONVERSION = YES;
				CLANG_WARN_CONSTANT_CONVERSION = YES;
				CLANG_WARN_DIRECT_OBJC_ISA_USAGE = YES_ERROR;
				CLANG_WARN_EMPTY_BODY = YES;
				CLANG_WARN_ENUM_CONVERSION = YES;
				CLANG_WARN_INT_CONVERSION = YES;
				CLANG_WARN_OBJC_ROOT_CLASS = YES_ERROR;
				CLANG_WARN__DUPLICATE_METHOD_MATCH = YES;
				"CODE_SIGN_IDENTITY[sdk=iphoneos*]" = "iPhone Developer";
				COPY_PHASE_STRIP = YES;
				ENABLE_NS_ASSERTIONS = NO;
				GCC_C_LANGUAGE_STANDARD = gnu99;
				GCC_WARN_64_TO_32_BIT_CONVERSION = YES;
				GCC_WARN_ABOUT_RETURN_TYPE = YES_ERROR;
				GCC_WARN_UNDECLARED_SELECTOR = YES;
				GCC_WARN_UNINITIALIZED_AUTOS = YES_AGGRESSIVE;
				GCC_WARN_UNUSED_FUNCTION = YES;
				GCC_WARN_UNUSED_VARIABLE = YES;
				IPHONEOS_DEPLOYMENT_TARGET = 7.1;
				SDKROOT = iphoneos;
				VALIDATE_PRODUCT = YES;
			};
			name = Release;
		};
		F85EA95119B13E3D009A1A4D /* Debug */ = {
			isa = XCBuildConfiguration;
			buildSettings = {
				ASSETCATALOG_COMPILER_APPICON_NAME = AppIcon;
				ASSETCATALOG_COMPILER_LAUNCHIMAGE_NAME = LaunchImage;
				GCC_PRECOMPILE_PREFIX_HEADER = YES;
				GCC_PREFIX_HEADER = "myPaint/myPaint-Prefix.pch";
				INFOPLIST_FILE = "myPaint/myPaint-Info.plist";
				PRODUCT_NAME = "$(TARGET_NAME)";
				WRAPPER_EXTENSION = app;
			};
			name = Debug;
		};
		F85EA95219B13E3D009A1A4D /* Release */ = {
			isa = XCBuildConfiguration;
			buildSettings = {
				ASSETCATALOG_COMPILER_APPICON_NAME = AppIcon;
				ASSETCATALOG_COMPILER_LAUNCHIMAGE_NAME = LaunchImage;
				GCC_PRECOMPILE_PREFIX_HEADER = YES;
				GCC_PREFIX_HEADER = "myPaint/myPaint-Prefix.pch";
				INFOPLIST_FILE = "myPaint/myPaint-Info.plist";
				PRODUCT_NAME = "$(TARGET_NAME)";
				WRAPPER_EXTENSION = app;
			};
			name = Release;
		};
		F85EA95419B13E3D009A1A4D /* Debug */ = {
			isa = XCBuildConfiguration;
			buildSettings = {
				BUNDLE_LOADER = "$(BUILT_PRODUCTS_DIR)/myPaint.app/myPaint";
				FRAMEWORK_SEARCH_PATHS = (
					"$(SDKROOT)/Developer/Library/Frameworks",
					"$(inherited)",
					"$(DEVELOPER_FRAMEWORKS_DIR)",
				);
				GCC_PRECOMPILE_PREFIX_HEADER = YES;
				GCC_PREFIX_HEADER = "myPaint/myPaint-Prefix.pch";
				GCC_PREPROCESSOR_DEFINITIONS = (
					"DEBUG=1",
					"$(inherited)",
				);
				INFOPLIST_FILE = "myPaintTests/myPaintTests-Info.plist";
				PRODUCT_NAME = "$(TARGET_NAME)";
				TEST_HOST = "$(BUNDLE_LOADER)";
				WRAPPER_EXTENSION = xctest;
			};
			name = Debug;
		};
		F85EA95519B13E3D009A1A4D /* Release */ = {
			isa = XCBuildConfiguration;
			buildSettings = {
				BUNDLE_LOADER = "$(BUILT_PRODUCTS_DIR)/myPaint.app/myPaint";
				FRAMEWORK_SEARCH_PATHS = (
					"$(SDKROOT)/Developer/Library/Frameworks",
					"$(inherited)",
					"$(DEVELOPER_FRAMEWORKS_DIR)",
				);
				GCC_PRECOMPILE_PREFIX_HEADER = YES;
				GCC_PREFIX_HEADER = "myPaint/myPaint-Prefix.pch";
				INFOPLIST_FILE = "myPaintTests/myPaintTests-Info.plist";
				PRODUCT_NAME = "$(TARGET_NAME)";
				TEST_HOST = "$(BUNDLE_LOADER)";
				WRAPPER_EXTENSION = xctest;
			};
			name = Release;
		};
/* End XCBuildConfiguration section */

/* Begin XCConfigurationList section */
		F85EA91919B13E3C009A1A4D /* Build configuration list for PBXProject "myPaint" */ = {
			isa = XCConfigurationList;
			buildConfigurations = (
				F85EA94E19B13E3D009A1A4D /* Debug */,
				F85EA94F19B13E3D009A1A4D /* Release */,
			);
			defaultConfigurationIsVisible = 0;
			defaultConfigurationName = Release;
		};
		F85EA95019B13E3D009A1A4D /* Build configuration list for PBXNativeTarget "myPaint" */ = {
			isa = XCConfigurationList;
			buildConfigurations = (
				F85EA95119B13E3D009A1A4D /* Debug */,
				F85EA95219B13E3D009A1A4D /* Release */,
			);
			defaultConfigurationIsVisible = 0;
		};
		F85EA95319B13E3D009A1A4D /* Build configuration list for PBXNativeTarget "myPaintTests" */ = {
			isa = XCConfigurationList;
			buildConfigurations = (
				F85EA95419B13E3D009A1A4D /* Debug */,
				F85EA95519B13E3D009A1A4D /* Release */,
			);
			defaultConfigurationIsVisible = 0;
		};
/* End XCConfigurationList section */
	};
	rootObject = F85EA91619B13E3C009A1A4D /* Project object */;
}
