// !$*UTF8*$!
{
	archiveVersion = 1;
	classes = {
	};
	objectVersion = 46;
	objects = {

/* Begin PBXBuildFile section */
		AD4FB03A19999A8F00328D34 /* Foundation.framework in Frameworks */ = {isa = PBXBuildFile; fileRef = AD4FB03919999A8F00328D34 /* Foundation.framework */; };
		AD4FB03C19999A8F00328D34 /* CoreGraphics.framework in Frameworks */ = {isa = PBXBuildFile; fileRef = AD4FB03B19999A8F00328D34 /* CoreGraphics.framework */; };
		AD4FB03E19999A8F00328D34 /* UIKit.framework in Frameworks */ = {isa = PBXBuildFile; fileRef = AD4FB03D19999A8F00328D34 /* UIKit.framework */; };
		AD4FB04419999A8F00328D34 /* InfoPlist.strings in Resources */ = {isa = PBXBuildFile; fileRef = AD4FB04219999A8F00328D34 /* InfoPlist.strings */; };
		AD4FB04619999A8F00328D34 /* main.m in Sources */ = {isa = PBXBuildFile; fileRef = AD4FB04519999A8F00328D34 /* main.m */; };
		AD4FB04A19999A8F00328D34 /* AppDelegate.m in Sources */ = {isa = PBXBuildFile; fileRef = AD4FB04919999A8F00328D34 /* AppDelegate.m */; };
		AD4FB04D19999A8F00328D34 /* Main.storyboard in Resources */ = {isa = PBXBuildFile; fileRef = AD4FB04B19999A8F00328D34 /* Main.storyboard */; };
		AD4FB05019999A8F00328D34 /* ViewController.m in Sources */ = {isa = PBXBuildFile; fileRef = AD4FB04F19999A8F00328D34 /* ViewController.m */; };
		AD4FB05219999A8F00328D34 /* Images.xcassets in Resources */ = {isa = PBXBuildFile; fileRef = AD4FB05119999A8F00328D34 /* Images.xcassets */; };
		AD4FB05919999A8F00328D34 /* XCTest.framework in Frameworks */ = {isa = PBXBuildFile; fileRef = AD4FB05819999A8F00328D34 /* XCTest.framework */; };
		AD4FB05A19999A8F00328D34 /* Foundation.framework in Frameworks */ = {isa = PBXBuildFile; fileRef = AD4FB03919999A8F00328D34 /* Foundation.framework */; };
		AD4FB05B19999A8F00328D34 /* UIKit.framework in Frameworks */ = {isa = PBXBuildFile; fileRef = AD4FB03D19999A8F00328D34 /* UIKit.framework */; };
		AD4FB06319999A8F00328D34 /* InfoPlist.strings in Resources */ = {isa = PBXBuildFile; fileRef = AD4FB06119999A8F00328D34 /* InfoPlist.strings */; };
		AD4FB06519999A8F00328D34 /* HolaMundoTests.m in Sources */ = {isa = PBXBuildFile; fileRef = AD4FB06419999A8F00328D34 /* HolaMundoTests.m */; };
/* End PBXBuildFile section */

/* Begin PBXContainerItemProxy section */
		AD4FB05C19999A8F00328D34 /* PBXContainerItemProxy */ = {
			isa = PBXContainerItemProxy;
			containerPortal = AD4FB02E19999A8E00328D34 /* Project object */;
			proxyType = 1;
			remoteGlobalIDString = AD4FB03519999A8F00328D34;
			remoteInfo = HolaMundo;
		};
/* End PBXContainerItemProxy section */

/* Begin PBXFileReference section */
		AD4FB03619999A8F00328D34 /* HolaMundo.app */ = {isa = PBXFileReference; explicitFileType = wrapper.application; includeInIndex = 0; path = HolaMundo.app; sourceTree = BUILT_PRODUCTS_DIR; };
		AD4FB03919999A8F00328D34 /* Foundation.framework */ = {isa = PBXFileReference; lastKnownFileType = wrapper.framework; name = Foundation.framework; path = System/Library/Frameworks/Foundation.framework; sourceTree = SDKROOT; };
		AD4FB03B19999A8F00328D34 /* CoreGraphics.framework */ = {isa = PBXFileReference; lastKnownFileType = wrapper.framework; name = CoreGraphics.framework; path = System/Library/Frameworks/CoreGraphics.framework; sourceTree = SDKROOT; };
		AD4FB03D19999A8F00328D34 /* UIKit.framework */ = {isa = PBXFileReference; lastKnownFileType = wrapper.framework; name = UIKit.framework; path = System/Library/Frameworks/UIKit.framework; sourceTree = SDKROOT; };
		AD4FB04119999A8F00328D34 /* HolaMundo-Info.plist */ = {isa = PBXFileReference; lastKnownFileType = text.plist.xml; path = "HolaMundo-Info.plist"; sourceTree = "<group>"; };
		AD4FB04319999A8F00328D34 /* en */ = {isa = PBXFileReference; lastKnownFileType = text.plist.strings; name = en; path = en.lproj/InfoPlist.strings; sourceTree = "<group>"; };
		AD4FB04519999A8F00328D34 /* main.m */ = {isa = PBXFileReference; lastKnownFileType = sourcecode.c.objc; path = main.m; sourceTree = "<group>"; };
		AD4FB04719999A8F00328D34 /* HolaMundo-Prefix.pch */ = {isa = PBXFileReference; lastKnownFileType = sourcecode.c.h; path = "HolaMundo-Prefix.pch"; sourceTree = "<group>"; };
		AD4FB04819999A8F00328D34 /* AppDelegate.h */ = {isa = PBXFileReference; lastKnownFileType = sourcecode.c.h; path = AppDelegate.h; sourceTree = "<group>"; };
		AD4FB04919999A8F00328D34 /* AppDelegate.m */ = {isa = PBXFileReference; lastKnownFileType = sourcecode.c.objc; path = AppDelegate.m; sourceTree = "<group>"; };
		AD4FB04C19999A8F00328D34 /* Base */ = {isa = PBXFileReference; lastKnownFileType = file.storyboard; name = Base; path = Base.lproj/Main.storyboard; sourceTree = "<group>"; };
		AD4FB04E19999A8F00328D34 /* ViewController.h */ = {isa = PBXFileReference; lastKnownFileType = sourcecode.c.h; path = ViewController.h; sourceTree = "<group>"; };
		AD4FB04F19999A8F00328D34 /* ViewController.m */ = {isa = PBXFileReference; lastKnownFileType = sourcecode.c.objc; path = ViewController.m; sourceTree = "<group>"; };
		AD4FB05119999A8F00328D34 /* Images.xcassets */ = {isa = PBXFileReference; lastKnownFileType = folder.assetcatalog; path = Images.xcassets; sourceTree = "<group>"; };
		AD4FB05719999A8F00328D34 /* HolaMundoTests.xctest */ = {isa = PBXFileReference; explicitFileType = wrapper.cfbundle; includeInIndex = 0; path = HolaMundoTests.xctest; sourceTree = BUILT_PRODUCTS_DIR; };
		AD4FB05819999A8F00328D34 /* XCTest.framework */ = {isa = PBXFileReference; lastKnownFileType = wrapper.framework; name = XCTest.framework; path = Library/Frameworks/XCTest.framework; sourceTree = DEVELOPER_DIR; };
		AD4FB06019999A8F00328D34 /* HolaMundoTests-Info.plist */ = {isa = PBXFileReference; lastKnownFileType = text.plist.xml; path = "HolaMundoTests-Info.plist"; sourceTree = "<group>"; };
		AD4FB06219999A8F00328D34 /* en */ = {isa = PBXFileReference; lastKnownFileType = text.plist.strings; name = en; path = en.lproj/InfoPlist.strings; sourceTree = "<group>"; };
		AD4FB06419999A8F00328D34 /* HolaMundoTests.m */ = {isa = PBXFileReference; lastKnownFileType = sourcecode.c.objc; path = HolaMundoTests.m; sourceTree = "<group>"; };
/* End PBXFileReference section */

/* Begin PBXFrameworksBuildPhase section */
		AD4FB03319999A8F00328D34 /* Frameworks */ = {
			isa = PBXFrameworksBuildPhase;
			buildActionMask = 2147483647;
			files = (
				AD4FB03C19999A8F00328D34 /* CoreGraphics.framework in Frameworks */,
				AD4FB03E19999A8F00328D34 /* UIKit.framework in Frameworks */,
				AD4FB03A19999A8F00328D34 /* Foundation.framework in Frameworks */,
			);
			runOnlyForDeploymentPostprocessing = 0;
		};
		AD4FB05419999A8F00328D34 /* Frameworks */ = {
			isa = PBXFrameworksBuildPhase;
			buildActionMask = 2147483647;
			files = (
				AD4FB05919999A8F00328D34 /* XCTest.framework in Frameworks */,
				AD4FB05B19999A8F00328D34 /* UIKit.framework in Frameworks */,
				AD4FB05A19999A8F00328D34 /* Foundation.framework in Frameworks */,
			);
			runOnlyForDeploymentPostprocessing = 0;
		};
/* End PBXFrameworksBuildPhase section */

/* Begin PBXGroup section */
		AD4FB02D19999A8E00328D34 = {
			isa = PBXGroup;
			children = (
				AD4FB03F19999A8F00328D34 /* HolaMundo */,
				AD4FB05E19999A8F00328D34 /* HolaMundoTests */,
				AD4FB03819999A8F00328D34 /* Frameworks */,
				AD4FB03719999A8F00328D34 /* Products */,
			);
			sourceTree = "<group>";
		};
		AD4FB03719999A8F00328D34 /* Products */ = {
			isa = PBXGroup;
			children = (
				AD4FB03619999A8F00328D34 /* HolaMundo.app */,
				AD4FB05719999A8F00328D34 /* HolaMundoTests.xctest */,
			);
			name = Products;
			sourceTree = "<group>";
		};
		AD4FB03819999A8F00328D34 /* Frameworks */ = {
			isa = PBXGroup;
			children = (
				AD4FB03919999A8F00328D34 /* Foundation.framework */,
				AD4FB03B19999A8F00328D34 /* CoreGraphics.framework */,
				AD4FB03D19999A8F00328D34 /* UIKit.framework */,
				AD4FB05819999A8F00328D34 /* XCTest.framework */,
			);
			name = Frameworks;
			sourceTree = "<group>";
		};
		AD4FB03F19999A8F00328D34 /* HolaMundo */ = {
			isa = PBXGroup;
			children = (
				AD4FB06E1999A57500328D34 /* Imagenes */,
				AD4FB04819999A8F00328D34 /* AppDelegate.h */,
				AD4FB04919999A8F00328D34 /* AppDelegate.m */,
				AD4FB04B19999A8F00328D34 /* Main.storyboard */,
				AD4FB04E19999A8F00328D34 /* ViewController.h */,
				AD4FB04F19999A8F00328D34 /* ViewController.m */,
				AD4FB05119999A8F00328D34 /* Images.xcassets */,
				AD4FB04019999A8F00328D34 /* Supporting Files */,
			);
			path = HolaMundo;
			sourceTree = "<group>";
		};
		AD4FB04019999A8F00328D34 /* Supporting Files */ = {
			isa = PBXGroup;
			children = (
				AD4FB04119999A8F00328D34 /* HolaMundo-Info.plist */,
				AD4FB04219999A8F00328D34 /* InfoPlist.strings */,
				AD4FB04519999A8F00328D34 /* main.m */,
				AD4FB04719999A8F00328D34 /* HolaMundo-Prefix.pch */,
			);
			name = "Supporting Files";
			sourceTree = "<group>";
		};
		AD4FB05E19999A8F00328D34 /* HolaMundoTests */ = {
			isa = PBXGroup;
			children = (
				AD4FB06419999A8F00328D34 /* HolaMundoTests.m */,
				AD4FB05F19999A8F00328D34 /* Supporting Files */,
			);
			path = HolaMundoTests;
			sourceTree = "<group>";
		};
		AD4FB05F19999A8F00328D34 /* Supporting Files */ = {
			isa = PBXGroup;
			children = (
				AD4FB06019999A8F00328D34 /* HolaMundoTests-Info.plist */,
				AD4FB06119999A8F00328D34 /* InfoPlist.strings */,
			);
			name = "Supporting Files";
			sourceTree = "<group>";
		};
		AD4FB06E1999A57500328D34 /* Imagenes */ = {
			isa = PBXGroup;
			children = (
			);
			name = Imagenes;
			sourceTree = "<group>";
		};
/* End PBXGroup section */

/* Begin PBXNativeTarget section */
		AD4FB03519999A8F00328D34 /* HolaMundo */ = {
			isa = PBXNativeTarget;
			buildConfigurationList = AD4FB06819999A8F00328D34 /* Build configuration list for PBXNativeTarget "HolaMundo" */;
			buildPhases = (
				AD4FB03219999A8F00328D34 /* Sources */,
				AD4FB03319999A8F00328D34 /* Frameworks */,
				AD4FB03419999A8F00328D34 /* Resources */,
			);
			buildRules = (
			);
			dependencies = (
			);
			name = HolaMundo;
			productName = HolaMundo;
			productReference = AD4FB03619999A8F00328D34 /* HolaMundo.app */;
			productType = "com.apple.product-type.application";
		};
		AD4FB05619999A8F00328D34 /* HolaMundoTests */ = {
			isa = PBXNativeTarget;
			buildConfigurationList = AD4FB06B19999A8F00328D34 /* Build configuration list for PBXNativeTarget "HolaMundoTests" */;
			buildPhases = (
				AD4FB05319999A8F00328D34 /* Sources */,
				AD4FB05419999A8F00328D34 /* Frameworks */,
				AD4FB05519999A8F00328D34 /* Resources */,
			);
			buildRules = (
			);
			dependencies = (
				AD4FB05D19999A8F00328D34 /* PBXTargetDependency */,
			);
			name = HolaMundoTests;
			productName = HolaMundoTests;
			productReference = AD4FB05719999A8F00328D34 /* HolaMundoTests.xctest */;
			productType = "com.apple.product-type.bundle.unit-test";
		};
/* End PBXNativeTarget section */

/* Begin PBXProject section */
		AD4FB02E19999A8E00328D34 /* Project object */ = {
			isa = PBXProject;
			attributes = {
				LastUpgradeCheck = 0510;
				ORGANIZATIONNAME = "Giovanny Suarez";
				TargetAttributes = {
					AD4FB05619999A8F00328D34 = {
						TestTargetID = AD4FB03519999A8F00328D34;
					};
				};
			};
			buildConfigurationList = AD4FB03119999A8E00328D34 /* Build configuration list for PBXProject "HolaMundo" */;
			compatibilityVersion = "Xcode 3.2";
			developmentRegion = English;
			hasScannedForEncodings = 0;
			knownRegions = (
				en,
				Base,
			);
			mainGroup = AD4FB02D19999A8E00328D34;
			productRefGroup = AD4FB03719999A8F00328D34 /* Products */;
			projectDirPath = "";
			projectRoot = "";
			targets = (
				AD4FB03519999A8F00328D34 /* HolaMundo */,
				AD4FB05619999A8F00328D34 /* HolaMundoTests */,
			);
		};
/* End PBXProject section */

/* Begin PBXResourcesBuildPhase section */
		AD4FB03419999A8F00328D34 /* Resources */ = {
			isa = PBXResourcesBuildPhase;
			buildActionMask = 2147483647;
			files = (
				AD4FB05219999A8F00328D34 /* Images.xcassets in Resources */,
				AD4FB04419999A8F00328D34 /* InfoPlist.strings in Resources */,
				AD4FB04D19999A8F00328D34 /* Main.storyboard in Resources */,
			);
			runOnlyForDeploymentPostprocessing = 0;
		};
		AD4FB05519999A8F00328D34 /* Resources */ = {
			isa = PBXResourcesBuildPhase;
			buildActionMask = 2147483647;
			files = (
				AD4FB06319999A8F00328D34 /* InfoPlist.strings in Resources */,
			);
			runOnlyForDeploymentPostprocessing = 0;
		};
/* End PBXResourcesBuildPhase section */

/* Begin PBXSourcesBuildPhase section */
		AD4FB03219999A8F00328D34 /* Sources */ = {
			isa = PBXSourcesBuildPhase;
			buildActionMask = 2147483647;
			files = (
				AD4FB05019999A8F00328D34 /* ViewController.m in Sources */,
				AD4FB04A19999A8F00328D34 /* AppDelegate.m in Sources */,
				AD4FB04619999A8F00328D34 /* main.m in Sources */,
			);
			runOnlyForDeploymentPostprocessing = 0;
		};
		AD4FB05319999A8F00328D34 /* Sources */ = {
			isa = PBXSourcesBuildPhase;
			buildActionMask = 2147483647;
			files = (
				AD4FB06519999A8F00328D34 /* HolaMundoTests.m in Sources */,
			);
			runOnlyForDeploymentPostprocessing = 0;
		};
/* End PBXSourcesBuildPhase section */

/* Begin PBXTargetDependency section */
		AD4FB05D19999A8F00328D34 /* PBXTargetDependency */ = {
			isa = PBXTargetDependency;
			target = AD4FB03519999A8F00328D34 /* HolaMundo */;
			targetProxy = AD4FB05C19999A8F00328D34 /* PBXContainerItemProxy */;
		};
/* End PBXTargetDependency section */

/* Begin PBXVariantGroup section */
		AD4FB04219999A8F00328D34 /* InfoPlist.strings */ = {
			isa = PBXVariantGroup;
			children = (
				AD4FB04319999A8F00328D34 /* en */,
			);
			name = InfoPlist.strings;
			sourceTree = "<group>";
		};
		AD4FB04B19999A8F00328D34 /* Main.storyboard */ = {
			isa = PBXVariantGroup;
			children = (
				AD4FB04C19999A8F00328D34 /* Base */,
			);
			name = Main.storyboard;
			sourceTree = "<group>";
		};
		AD4FB06119999A8F00328D34 /* InfoPlist.strings */ = {
			isa = PBXVariantGroup;
			children = (
				AD4FB06219999A8F00328D34 /* en */,
			);
			name = InfoPlist.strings;
			sourceTree = "<group>";
		};
/* End PBXVariantGroup section */

/* Begin XCBuildConfiguration section */
		AD4FB06619999A8F00328D34 /* Debug */ = {
			isa = XCBuildConfiguration;
			buildSettings = {
				ALWAYS_SEARCH_USER_PATHS = NO;
				CLANG_CXX_LANGUAGE_STANDARD = "gnu++0x";
				CLANG_CXX_LIBRARY = "libc++";
				CLANG_ENABLE_MODULES = YES;
				CLANG_ENABLE_OBJC_ARC = YES;
				CLANG_WARN_BOOL_CONVERSION = YES;
				CLANG_WARN_CONSTANT_CONVERSION = YES;
				CLANG_WARN_DIRECT_OBJC_ISA_USAGE = YES_ERROR;
				CLANG_WARN_EMPTY_BODY = YES;
				CLANG_WARN_ENUM_CONVERSION = YES;
				CLANG_WARN_INT_CONVERSION = YES;
				CLANG_WARN_OBJC_ROOT_CLASS = YES_ERROR;
				CLANG_WARN__DUPLICATE_METHOD_MATCH = YES;
				"CODE_SIGN_IDENTITY[sdk=iphoneos*]" = "iPhone Developer";
				COPY_PHASE_STRIP = NO;
				GCC_C_LANGUAGE_STANDARD = gnu99;
				GCC_DYNAMIC_NO_PIC = NO;
				GCC_OPTIMIZATION_LEVEL = 0;
				GCC_PREPROCESSOR_DEFINITIONS = (
					"DEBUG=1",
					"$(inherited)",
				);
				GCC_SYMBOLS_PRIVATE_EXTERN = NO;
				GCC_WARN_64_TO_32_BIT_CONVERSION = YES;
				GCC_WARN_ABOUT_RETURN_TYPE = YES_ERROR;
				GCC_WARN_UNDECLARED_SELECTOR = YES;
				GCC_WARN_UNINITIALIZED_AUTOS = YES_AGGRESSIVE;
				GCC_WARN_UNUSED_FUNCTION = YES;
				GCC_WARN_UNUSED_VARIABLE = YES;
				IPHONEOS_DEPLOYMENT_TARGET = 7.1;
				ONLY_ACTIVE_ARCH = YES;
				SDKROOT = iphoneos;
			};
			name = Debug;
		};
		AD4FB06719999A8F00328D34 /* Release */ = {
			isa = XCBuildConfiguration;
			buildSettings = {
				ALWAYS_SEARCH_USER_PATHS = NO;
				CLANG_CXX_LANGUAGE_STANDARD = "gnu++0x";
				CLANG_CXX_LIBRARY = "libc++";
				CLANG_ENABLE_MODULES = YES;
				CLANG_ENABLE_OBJC_ARC = YES;
				CLANG_WARN_BOOL_CONVERSION = YES;
				CLANG_WARN_CONSTANT_CONVERSION = YES;
				CLANG_WARN_DIRECT_OBJC_ISA_USAGE = YES_ERROR;
				CLANG_WARN_EMPTY_BODY = YES;
				CLANG_WARN_ENUM_CONVERSION = YES;
				CLANG_WARN_INT_CONVERSION = YES;
				CLANG_WARN_OBJC_ROOT_CLASS = YES_ERROR;
				CLANG_WARN__DUPLICATE_METHOD_MATCH = YES;
				"CODE_SIGN_IDENTITY[sdk=iphoneos*]" = "iPhone Developer";
				COPY_PHASE_STRIP = YES;
				ENABLE_NS_ASSERTIONS = NO;
				GCC_C_LANGUAGE_STANDARD = gnu99;
				GCC_WARN_64_TO_32_BIT_CONVERSION = YES;
				GCC_WARN_ABOUT_RETURN_TYPE = YES_ERROR;
				GCC_WARN_UNDECLARED_SELECTOR = YES;
				GCC_WARN_UNINITIALIZED_AUTOS = YES_AGGRESSIVE;
				GCC_WARN_UNUSED_FUNCTION = YES;
				GCC_WARN_UNUSED_VARIABLE = YES;
				IPHONEOS_DEPLOYMENT_TARGET = 7.1;
				SDKROOT = iphoneos;
				VALIDATE_PRODUCT = YES;
			};
			name = Release;
		};
		AD4FB06919999A8F00328D34 /* Debug */ = {
			isa = XCBuildConfiguration;
			buildSettings = {
				ASSETCATALOG_COMPILER_APPICON_NAME = AppIcon;
				ASSETCATALOG_COMPILER_LAUNCHIMAGE_NAME = LaunchImage;
				GCC_PRECOMPILE_PREFIX_HEADER = YES;
				GCC_PREFIX_HEADER = "HolaMundo/HolaMundo-Prefix.pch";
				INFOPLIST_FILE = "HolaMundo/HolaMundo-Info.plist";
				PRODUCT_NAME = "$(TARGET_NAME)";
				TARGETED_DEVICE_FAMILY = 1;
				WRAPPER_EXTENSION = app;
			};
			name = Debug;
		};
		AD4FB06A19999A8F00328D34 /* Release */ = {
			isa = XCBuildConfiguration;
			buildSettings = {
				ASSETCATALOG_COMPILER_APPICON_NAME = AppIcon;
				ASSETCATALOG_COMPILER_LAUNCHIMAGE_NAME = LaunchImage;
				GCC_PRECOMPILE_PREFIX_HEADER = YES;
				GCC_PREFIX_HEADER = "HolaMundo/HolaMundo-Prefix.pch";
				INFOPLIST_FILE = "HolaMundo/HolaMundo-Info.plist";
				PRODUCT_NAME = "$(TARGET_NAME)";
				TARGETED_DEVICE_FAMILY = 1;
				WRAPPER_EXTENSION = app;
			};
			name = Release;
		};
		AD4FB06C19999A8F00328D34 /* Debug */ = {
			isa = XCBuildConfiguration;
			buildSettings = {
				BUNDLE_LOADER = "$(BUILT_PRODUCTS_DIR)/HolaMundo.app/HolaMundo";
				FRAMEWORK_SEARCH_PATHS = (
					"$(SDKROOT)/Developer/Library/Frameworks",
					"$(inherited)",
					"$(DEVELOPER_FRAMEWORKS_DIR)",
				);
				GCC_PRECOMPILE_PREFIX_HEADER = YES;
				GCC_PREFIX_HEADER = "HolaMundo/HolaMundo-Prefix.pch";
				GCC_PREPROCESSOR_DEFINITIONS = (
					"DEBUG=1",
					"$(inherited)",
				);
				INFOPLIST_FILE = "HolaMundoTests/HolaMundoTests-Info.plist";
				PRODUCT_NAME = "$(TARGET_NAME)";
				TEST_HOST = "$(BUNDLE_LOADER)";
				WRAPPER_EXTENSION = xctest;
			};
			name = Debug;
		};
		AD4FB06D19999A8F00328D34 /* Release */ = {
			isa = XCBuildConfiguration;
			buildSettings = {
				BUNDLE_LOADER = "$(BUILT_PRODUCTS_DIR)/HolaMundo.app/HolaMundo";
				FRAMEWORK_SEARCH_PATHS = (
					"$(SDKROOT)/Developer/Library/Frameworks",
					"$(inherited)",
					"$(DEVELOPER_FRAMEWORKS_DIR)",
				);
				GCC_PRECOMPILE_PREFIX_HEADER = YES;
				GCC_PREFIX_HEADER = "HolaMundo/HolaMundo-Prefix.pch";
				INFOPLIST_FILE = "HolaMundoTests/HolaMundoTests-Info.plist";
				PRODUCT_NAME = "$(TARGET_NAME)";
				TEST_HOST = "$(BUNDLE_LOADER)";
				WRAPPER_EXTENSION = xctest;
			};
			name = Release;
		};
/* End XCBuildConfiguration section */

/* Begin XCConfigurationList section */
		AD4FB03119999A8E00328D34 /* Build configuration list for PBXProject "HolaMundo" */ = {
			isa = XCConfigurationList;
			buildConfigurations = (
				AD4FB06619999A8F00328D34 /* Debug */,
				AD4FB06719999A8F00328D34 /* Release */,
			);
			defaultConfigurationIsVisible = 0;
			defaultConfigurationName = Release;
		};
		AD4FB06819999A8F00328D34 /* Build configuration list for PBXNativeTarget "HolaMundo" */ = {
			isa = XCConfigurationList;
			buildConfigurations = (
				AD4FB06919999A8F00328D34 /* Debug */,
				AD4FB06A19999A8F00328D34 /* Release */,
			);
			defaultConfigurationIsVisible = 0;
		};
		AD4FB06B19999A8F00328D34 /* Build configuration list for PBXNativeTarget "HolaMundoTests" */ = {
			isa = XCConfigurationList;
			buildConfigurations = (
				AD4FB06C19999A8F00328D34 /* Debug */,
				AD4FB06D19999A8F00328D34 /* Release */,
			);
			defaultConfigurationIsVisible = 0;
		};
/* End XCConfigurationList section */
	};
	rootObject = AD4FB02E19999A8E00328D34 /* Project object */;
}
